PODS:
  - Flutter (1.0.0)
  - realtime_audio (0.1.0):
    - Flutter

DEPENDENCIES:
  - Flutter (from `Flutter`)
  - realtime_audio (from `.symlinks/plugins/realtime_audio/ios`)

EXTERNAL SOURCES:
  Flutter:
    :path: Flutter
  realtime_audio:
    :path: ".symlinks/plugins/realtime_audio/ios"

SPEC CHECKSUMS:
  Flutter: e0871f40cf51350855a761d2e70bf5af5b9b5de7
  realtime_audio: 8d605a58640f94e54c82765543921ccccebfe52b

PODFILE CHECKSUM: 819463e6a0290f5a72f145ba7cde16e8b6ef0796

COCOAPODS: 1.15.2
