PODS:
  - Flutter (1.0.0)
  - realtime_audio (0.0.1):
    - Flutter

DEPENDENCIES:
  - Flutter (from `Flutter`)
  - realtime_audio (from `.symlinks/plugins/realtime_audio/ios`)

EXTERNAL SOURCES:
  Flutter:
    :path: Flutter
  realtime_audio:
    :path: ".symlinks/plugins/realtime_audio/ios"

SPEC CHECKSUMS:
  Flutter: cabc95a1d2626b1b06e7179b784ebcf0c0cde467
  realtime_audio: 0472de854557762e29dbed05f022127aefce9bd1

PODFILE CHECKSUM: 4f1c12611da7338d21589c0b2ecd6bd20b109694

COCOAPODS: 1.16.2
